{
  "nodes": {
    "nixpkgs": {
      "locked": {
        "lastModified": 1663235518,
        "narHash": "sha256-q8zLK6rK/CLXEguaPgm9yQJcY0VQtOBhAT9EV2UFK/A=",
        "owner": "NixOS",
        "repo": "nixpkgs",
        "rev": "2277e4c9010b0f27585eb0bed0a86d7cbc079354",
        "type": "github"
      },
      "original": {
        "owner": "NixOS",
        "ref": "nixpkgs-unstable",
        "repo": "nixpkgs",
        "type": "github"
      }
    },
    "root": {
      "inputs": {
        "nixpkgs": "nixpkgs"
      }
    }
  },
  "root": "root",
  "version": 7
}
